
Microsoft Visual Studio Solution File, Format Version 12.00
# Visual Studio Version 16
VisualStudioVersion = 16.0.31321.278
MinimumVisualStudioVersion = 10.0.40219.1
Project("{9A19103F-16F7-4668-BE54-9A1E7A4F7556}") = "MW5_MM_UI", "MW5_MM_UI\MW5_MM_UI.csproj", "{FFE8C6EA-C5FC-4287-974E-5AD453CB7F06}"
EndProject
Project("{9A19103F-16F7-4668-BE54-9A1E7A4F7556}") = "Nexus_Data", "Nexus_Data\Nexus_Data.csproj", "{42A9573E-D49D-45A1-82B7-D7FD3784F918}"
EndProject
Project("{9A19103F-16F7-4668-BE54-9A1E7A4F7556}") = "GameClient_Data", "GameClient_Data\GameClient_Data.csproj", "{494B3ECB-847E-456C-B799-A79A4C5AC63E}"
EndProject
Project("{9A19103F-16F7-4668-BE54-9A1E7A4F7556}") = "Nexus_Core", "Nexus_Core\Nexus_Core.csproj", "{A1C59858-BD4C-4A3A-B114-005A3E52936E}"
EndProject
Project("{FAE04EC0-301F-11D3-BF4B-00C04F79EFBC}") = "MW5_MM_Core", "MW5_MM_Core\MW5_MM_Core.csproj", "{044199E5-5968-4AEE-B4BD-3C4961F3D85D}"
EndProject
Global
	GlobalSection(SolutionConfigurationPlatforms) = preSolution
		Debug|Any CPU = Debug|Any CPU
		Release|Any CPU = Release|Any CPU
	EndGlobalSection
	GlobalSection(ProjectConfigurationPlatforms) = postSolution
		{FFE8C6EA-C5FC-4287-974E-5AD453CB7F06}.Debug|Any CPU.ActiveCfg = Debug|Any CPU
		{FFE8C6EA-C5FC-4287-974E-5AD453CB7F06}.Debug|Any CPU.Build.0 = Debug|Any CPU
		{FFE8C6EA-C5FC-4287-974E-5AD453CB7F06}.Release|Any CPU.ActiveCfg = Release|Any CPU
		{FFE8C6EA-C5FC-4287-974E-5AD453CB7F06}.Release|Any CPU.Build.0 = Release|Any CPU
		{42A9573E-D49D-45A1-82B7-D7FD3784F918}.Debug|Any CPU.ActiveCfg = Debug|Any CPU
		{42A9573E-D49D-45A1-82B7-D7FD3784F918}.Debug|Any CPU.Build.0 = Debug|Any CPU
		{42A9573E-D49D-45A1-82B7-D7FD3784F918}.Release|Any CPU.ActiveCfg = Release|Any CPU
		{42A9573E-D49D-45A1-82B7-D7FD3784F918}.Release|Any CPU.Build.0 = Release|Any CPU
		{494B3ECB-847E-456C-B799-A79A4C5AC63E}.Debug|Any CPU.ActiveCfg = Debug|Any CPU
		{494B3ECB-847E-456C-B799-A79A4C5AC63E}.Debug|Any CPU.Build.0 = Debug|Any CPU
		{494B3ECB-847E-456C-B799-A79A4C5AC63E}.Release|Any CPU.ActiveCfg = Release|Any CPU
		{494B3ECB-847E-456C-B799-A79A4C5AC63E}.Release|Any CPU.Build.0 = Release|Any CPU
		{A1C59858-BD4C-4A3A-B114-005A3E52936E}.Debug|Any CPU.ActiveCfg = Debug|Any CPU
		{A1C59858-BD4C-4A3A-B114-005A3E52936E}.Debug|Any CPU.Build.0 = Debug|Any CPU
		{A1C59858-BD4C-4A3A-B114-005A3E52936E}.Release|Any CPU.ActiveCfg = Release|Any CPU
		{A1C59858-BD4C-4A3A-B114-005A3E52936E}.Release|Any CPU.Build.0 = Release|Any CPU
		{044199E5-5968-4AEE-B4BD-3C4961F3D85D}.Debug|Any CPU.ActiveCfg = Debug|Any CPU
		{044199E5-5968-4AEE-B4BD-3C4961F3D85D}.Debug|Any CPU.Build.0 = Debug|Any CPU
		{044199E5-5968-4AEE-B4BD-3C4961F3D85D}.Release|Any CPU.ActiveCfg = Release|Any CPU
		{044199E5-5968-4AEE-B4BD-3C4961F3D85D}.Release|Any CPU.Build.0 = Release|Any CPU
	EndGlobalSection
	GlobalSection(SolutionProperties) = preSolution
		HideSolutionNode = FALSE
	EndGlobalSection
	GlobalSection(ExtensibilityGlobals) = postSolution
		SolutionGuid = {7FEB63B6-664F-423A-A7B8-1EAE7F4069FA}
	EndGlobalSection
EndGlobal
